
Microsoft Visual Studio Solution File, Format Version 12.00
# Visual Studio Version 17
VisualStudioVersion = 17.0.31903.59
MinimumVisualStudioVersion = 10.0.40219.1
Project("{2150E333-8FDC-42A3-9474-1A3956D46DE8}") = "legacy", "legacy", "{871BE218-8F83-E3CD-0B70-B1CC1745EA7C}"
EndProject
Project("{FAE04EC0-301F-11D3-BF4B-00C04F79EFBC}") = "SovereignID.Crypto", "src\legacy\SovereignID.Crypto\SovereignID.Crypto.csproj", "{2BB0F0DD-F940-4D65-8076-DF0990EF383C}"
EndProject
Project("{FAE04EC0-301F-11D3-BF4B-00C04F79EFBC}") = "SovereignID.Chain", "src\legacy\SovereignID.Chain\SovereignID.Chain.csproj", "{390049E5-6C91-4D07-9AE4-C7347BC63F2B}"
EndProject
Project("{FAE04EC0-301F-11D3-BF4B-00C04F79EFBC}") = "SovereignID.Demo.Phase1", "src\legacy\SovereignID.Demo.Phase1\SovereignID.Demo.Phase1.csproj", "{5DAAA5A2-03AD-4197-87BF-33E70D80B88C}"
EndProject
Project("{2150E333-8FDC-42A3-9474-1A3956D46DE8}") = "tests", "tests", "{0AB3BF05-4346-4AA6-1389-037BE0695223}"
EndProject
Project("{2150E333-8FDC-42A3-9474-1A3956D46DE8}") = "legacy", "legacy", "{676D0979-40FD-0699-BCE1-E26B1C7B6859}"
EndProject
Project("{FAE04EC0-301F-11D3-BF4B-00C04F79EFBC}") = "SovereignID.Crypto.Tests", "tests\legacy\SovereignID.Crypto.Tests\SovereignID.Crypto.Tests.csproj", "{DC83E7A5-8BE1-49D5-ADD2-4AFF054CA8C5}"
EndProject
Project("{FAE04EC0-301F-11D3-BF4B-00C04F79EFBC}") = "SovereignID.Chain.Tests", "tests\legacy\SovereignID.Chain.Tests\SovereignID.Chain.Tests.csproj", "{898BB531-1A18-47F6-B782-1291E7BF1378}"
EndProject
Project("{2150E333-8FDC-42A3-9474-1A3956D46DE8}") = "shared", "shared", "{4F52FD11-658E-A102-6CD3-7D7C16FFA15B}"
EndProject
Project("{FAE04EC0-301F-11D3-BF4B-00C04F79EFBC}") = "SovereignID.SharedKernel.Domain", "src\shared\SovereignID.SharedKernel.Domain\SovereignID.SharedKernel.Domain.csproj", "{2BED7C92-709E-4958-A5CF-F6DA622F82F1}"
EndProject
Project("{FAE04EC0-301F-11D3-BF4B-00C04F79EFBC}") = "SovereignID.SharedKernel.Application", "src\shared\SovereignID.SharedKernel.Application\SovereignID.SharedKernel.Application.csproj", "{A0E7AEE4-6768-4635-A87C-B08DCBBC1209}"
EndProject
Project("{FAE04EC0-301F-11D3-BF4B-00C04F79EFBC}") = "SovereignID.SharedKernel.Infrastructure", "src\shared\SovereignID.SharedKernel.Infrastructure\SovereignID.SharedKernel.Infrastructure.csproj", "{A0ADFF91-A478-4B65-B2CA-55E4479D18AD}"
EndProject
Project("{2150E333-8FDC-42A3-9474-1A3956D46DE8}") = "bc-auth", "bc-auth", "{17B266EF-447A-CB02-72F8-938580D877A7}"
EndProject
Project("{FAE04EC0-301F-11D3-BF4B-00C04F79EFBC}") = "SovereignID.Auth.Domain", "src\bc-auth\SovereignID.Auth.Domain\SovereignID.Auth.Domain.csproj", "{5ECDB125-7848-4A41-BE68-D0560258B595}"
EndProject
Project("{FAE04EC0-301F-11D3-BF4B-00C04F79EFBC}") = "SovereignID.Auth.Application", "src\bc-auth\SovereignID.Auth.Application\SovereignID.Auth.Application.csproj", "{56728870-7872-45F4-ADB2-BFCC4835964D}"
EndProject
Project("{FAE04EC0-301F-11D3-BF4B-00C04F79EFBC}") = "SovereignID.Auth.Infrastructure", "src\bc-auth\SovereignID.Auth.Infrastructure\SovereignID.Auth.Infrastructure.csproj", "{9F0D3199-CCBC-43CF-A7E5-04BC6B61BC1D}"
EndProject
Project("{2150E333-8FDC-42A3-9474-1A3956D46DE8}") = "bc-issuer", "bc-issuer", "{FE26525A-4D12-831A-3973-6CA74156960F}"
EndProject
Project("{FAE04EC0-301F-11D3-BF4B-00C04F79EFBC}") = "SovereignID.Issuer.Domain", "src\bc-issuer\SovereignID.Issuer.Domain\SovereignID.Issuer.Domain.csproj", "{2092E664-A8B8-4E17-9100-F600C0DC748C}"
EndProject
Project("{FAE04EC0-301F-11D3-BF4B-00C04F79EFBC}") = "SovereignID.Issuer.Application", "src\bc-issuer\SovereignID.Issuer.Application\SovereignID.Issuer.Application.csproj", "{8F2FAA8B-2940-49BC-8A09-35726BED4395}"
EndProject
Project("{FAE04EC0-301F-11D3-BF4B-00C04F79EFBC}") = "SovereignID.Issuer.Infrastructure", "src\bc-issuer\SovereignID.Issuer.Infrastructure\SovereignID.Issuer.Infrastructure.csproj", "{38866165-6F80-44A2-9DED-B1C0875D06DF}"
EndProject
Project("{2150E333-8FDC-42A3-9474-1A3956D46DE8}") = "bc-verifier", "bc-verifier", "{7A65B3AE-4573-0938-39C0-5F08AC36502D}"
EndProject
Project("{FAE04EC0-301F-11D3-BF4B-00C04F79EFBC}") = "SovereignID.Verifier.Domain", "src\bc-verifier\SovereignID.Verifier.Domain\SovereignID.Verifier.Domain.csproj", "{AC4A0FFA-F10F-4246-BBE7-4B3A8557FD5C}"
EndProject
Project("{FAE04EC0-301F-11D3-BF4B-00C04F79EFBC}") = "SovereignID.Verifier.Application", "src\bc-verifier\SovereignID.Verifier.Application\SovereignID.Verifier.Application.csproj", "{B7B5E28C-99BD-4A79-A1A0-48498E48F2FD}"
EndProject
Project("{FAE04EC0-301F-11D3-BF4B-00C04F79EFBC}") = "SovereignID.Verifier.Infrastructure", "src\bc-verifier\SovereignID.Verifier.Infrastructure\SovereignID.Verifier.Infrastructure.csproj", "{C937B9D9-4839-465F-97AF-998F02B53AFD}"
EndProject
Project("{2150E333-8FDC-42A3-9474-1A3956D46DE8}") = "architecture", "architecture", "{875CD587-DE2F-08EE-74FB-D6BE4E474EF3}"
EndProject
Project("{FAE04EC0-301F-11D3-BF4B-00C04F79EFBC}") = "SovereignID.Architecture.Tests", "tests\architecture\SovereignID.Architecture.Tests\SovereignID.Architecture.Tests.csproj", "{7D89D50A-92C8-4BCC-B0F8-E28B80F27743}"
EndProject
Project("{2150E333-8FDC-42A3-9474-1A3956D46DE8}") = "bc-auth", "bc-auth", "{7D8832CF-06AF-CF9F-159A-6989E24D2996}"
EndProject
Project("{FAE04EC0-301F-11D3-BF4B-00C04F79EFBC}") = "SovereignID.Auth.Domain.Tests", "tests\bc-auth\SovereignID.Auth.Domain.Tests\SovereignID.Auth.Domain.Tests.csproj", "{617CE448-0791-48FF-A102-56A223FEC6FE}"
EndProject
Project("{2150E333-8FDC-42A3-9474-1A3956D46DE8}") = "src", "src", "{827E0CD3-B72D-47B6-A68D-7590B98EB39B}"
EndProject
Project("{2150E333-8FDC-42A3-9474-1A3956D46DE8}") = "bc-auth", "bc-auth", "{51B5EDA5-A39B-A1B2-45D2-ED995464DF85}"
EndProject
Project("{2150E333-8FDC-42A3-9474-1A3956D46DE8}") = "shared", "shared", "{C8E42992-5E42-0C2B-DBFE-AA848D06431C}"
EndProject
Project("{FAE04EC0-301F-11D3-BF4B-00C04F79EFBC}") = "SovereignID.Auth.Application.Tests", "tests\bc-auth\SovereignID.Auth.Application.Tests\SovereignID.Auth.Application.Tests.csproj", "{BC1CF367-17BA-44BA-A41C-E885CE485268}"
EndProject
Project("{FAE04EC0-301F-11D3-BF4B-00C04F79EFBC}") = "SovereignID.Auth.Infrastructure.Tests", "tests\bc-auth\SovereignID.Auth.Infrastructure.Tests\SovereignID.Auth.Infrastructure.Tests.csproj", "{A7FF12E6-11BF-4863-A38A-9875A668F41D}"
EndProject
Project("{FAE04EC0-301F-11D3-BF4B-00C04F79EFBC}") = "SovereignID.Auth.Api", "src\bc-auth\SovereignID.Auth.Api\SovereignID.Auth.Api.csproj", "{3F3D9BF0-F713-4FF2-BF2A-3D4D174276F9}"
EndProject
Project("{FAE04EC0-301F-11D3-BF4B-00C04F79EFBC}") = "SovereignID.Auth.IntegrationTests", "tests\bc-auth\SovereignID.Auth.IntegrationTests\SovereignID.Auth.IntegrationTests.csproj", "{B33442F3-4E31-495A-8236-B3FFE86C8BAF}"
EndProject
Project("{2150E333-8FDC-42A3-9474-1A3956D46DE8}") = "shared", "shared", "{D0D6B8B0-AC35-B3FA-0B96-A9B0E4A3253E}"
EndProject
Project("{FAE04EC0-301F-11D3-BF4B-00C04F79EFBC}") = "SovereignID.SharedKernel.Domain.Tests", "tests\shared\SovereignID.SharedKernel.Domain.Tests\SovereignID.SharedKernel.Domain.Tests.csproj", "{758DF209-B94A-44CC-AB46-17ABCDF1E4BE}"
EndProject
Project("{FAE04EC0-301F-11D3-BF4B-00C04F79EFBC}") = "SovereignID.VcSliceA.Eip712", "src\shared\SovereignID.VcSliceA.Eip712\SovereignID.VcSliceA.Eip712.csproj", "{FD1DD0D1-D634-4FFD-91F1-8B032B3358FD}"
EndProject
Project("{2150E333-8FDC-42A3-9474-1A3956D46DE8}") = "bc-issuer", "bc-issuer", "{BA4F7DBB-1FC8-D5E2-4655-FC3353BF1691}"
EndProject
Project("{FAE04EC0-301F-11D3-BF4B-00C04F79EFBC}") = "SovereignID.Issuer.Domain.Tests", "tests\bc-issuer\SovereignID.Issuer.Domain.Tests\SovereignID.Issuer.Domain.Tests.csproj", "{3DB3F321-1188-4D77-860D-97B6AF6676A9}"
EndProject
Project("{FAE04EC0-301F-11D3-BF4B-00C04F79EFBC}") = "SovereignID.Issuer.Application.Tests", "tests\bc-issuer\SovereignID.Issuer.Application.Tests\SovereignID.Issuer.Application.Tests.csproj", "{E6C9F8ED-AC2B-4E98-80D5-AE52E334677F}"
EndProject
Project("{2150E333-8FDC-42A3-9474-1A3956D46DE8}") = "bc-verifier", "bc-verifier", "{6C9BE6E2-630F-D613-6D5A-F00E0CF53D0D}"
EndProject
Project("{FAE04EC0-301F-11D3-BF4B-00C04F79EFBC}") = "SovereignID.Verifier.Domain.Tests", "tests\bc-verifier\SovereignID.Verifier.Domain.Tests\SovereignID.Verifier.Domain.Tests.csproj", "{2073F7FD-2AAD-4B4F-A437-A05D62C840D7}"
EndProject
Project("{FAE04EC0-301F-11D3-BF4B-00C04F79EFBC}") = "SovereignID.VcSliceA.Document", "src\shared\SovereignID.VcSliceA.Document\SovereignID.VcSliceA.Document.csproj", "{7956AC5E-291B-43F2-8BD9-19DC4B5649C6}"
EndProject
Project("{FAE04EC0-301F-11D3-BF4B-00C04F79EFBC}") = "SovereignID.VcSliceA.Document.Tests", "tests\shared\SovereignID.VcSliceA.Document.Tests\SovereignID.VcSliceA.Document.Tests.csproj", "{01D01AD3-FC80-4F5F-99C3-AACFFA154B3C}"
EndProject
Global
	GlobalSection(SolutionConfigurationPlatforms) = preSolution
		Debug|Any CPU = Debug|Any CPU
		Debug|x64 = Debug|x64
		Debug|x86 = Debug|x86
		Release|Any CPU = Release|Any CPU
		Release|x64 = Release|x64
		Release|x86 = Release|x86
	EndGlobalSection
	GlobalSection(ProjectConfigurationPlatforms) = postSolution
		{2BB0F0DD-F940-4D65-8076-DF0990EF383C}.Debug|Any CPU.ActiveCfg = Debug|Any CPU
		{2BB0F0DD-F940-4D65-8076-DF0990EF383C}.Debug|Any CPU.Build.0 = Debug|Any CPU
		{2BB0F0DD-F940-4D65-8076-DF0990EF383C}.Debug|x64.ActiveCfg = Debug|Any CPU
		{2BB0F0DD-F940-4D65-8076-DF0990EF383C}.Debug|x64.Build.0 = Debug|Any CPU
		{2BB0F0DD-F940-4D65-8076-DF0990EF383C}.Debug|x86.ActiveCfg = Debug|Any CPU
		{2BB0F0DD-F940-4D65-8076-DF0990EF383C}.Debug|x86.Build.0 = Debug|Any CPU
		{2BB0F0DD-F940-4D65-8076-DF0990EF383C}.Release|Any CPU.ActiveCfg = Release|Any CPU
		{2BB0F0DD-F940-4D65-8076-DF0990EF383C}.Release|Any CPU.Build.0 = Release|Any CPU
		{2BB0F0DD-F940-4D65-8076-DF0990EF383C}.Release|x64.ActiveCfg = Release|Any CPU
		{2BB0F0DD-F940-4D65-8076-DF0990EF383C}.Release|x64.Build.0 = Release|Any CPU
		{2BB0F0DD-F940-4D65-8076-DF0990EF383C}.Release|x86.ActiveCfg = Release|Any CPU
		{2BB0F0DD-F940-4D65-8076-DF0990EF383C}.Release|x86.Build.0 = Release|Any CPU
		{390049E5-6C91-4D07-9AE4-C7347BC63F2B}.Debug|Any CPU.ActiveCfg = Debug|Any CPU
		{390049E5-6C91-4D07-9AE4-C7347BC63F2B}.Debug|Any CPU.Build.0 = Debug|Any CPU
		{390049E5-6C91-4D07-9AE4-C7347BC63F2B}.Debug|x64.ActiveCfg = Debug|Any CPU
		{390049E5-6C91-4D07-9AE4-C7347BC63F2B}.Debug|x64.Build.0 = Debug|Any CPU
		{390049E5-6C91-4D07-9AE4-C7347BC63F2B}.Debug|x86.ActiveCfg = Debug|Any CPU
		{390049E5-6C91-4D07-9AE4-C7347BC63F2B}.Debug|x86.Build.0 = Debug|Any CPU
		{390049E5-6C91-4D07-9AE4-C7347BC63F2B}.Release|Any CPU.ActiveCfg = Release|Any CPU
		{390049E5-6C91-4D07-9AE4-C7347BC63F2B}.Release|Any CPU.Build.0 = Release|Any CPU
		{390049E5-6C91-4D07-9AE4-C7347BC63F2B}.Release|x64.ActiveCfg = Release|Any CPU
		{390049E5-6C91-4D07-9AE4-C7347BC63F2B}.Release|x64.Build.0 = Release|Any CPU
		{390049E5-6C91-4D07-9AE4-C7347BC63F2B}.Release|x86.ActiveCfg = Release|Any CPU
		{390049E5-6C91-4D07-9AE4-C7347BC63F2B}.Release|x86.Build.0 = Release|Any CPU
		{5DAAA5A2-03AD-4197-87BF-33E70D80B88C}.Debug|Any CPU.ActiveCfg = Debug|Any CPU
		{5DAAA5A2-03AD-4197-87BF-33E70D80B88C}.Debug|Any CPU.Build.0 = Debug|Any CPU
		{5DAAA5A2-03AD-4197-87BF-33E70D80B88C}.Debug|x64.ActiveCfg = Debug|Any CPU
		{5DAAA5A2-03AD-4197-87BF-33E70D80B88C}.Debug|x64.Build.0 = Debug|Any CPU
		{5DAAA5A2-03AD-4197-87BF-33E70D80B88C}.Debug|x86.ActiveCfg = Debug|Any CPU
		{5DAAA5A2-03AD-4197-87BF-33E70D80B88C}.Debug|x86.Build.0 = Debug|Any CPU
		{5DAAA5A2-03AD-4197-87BF-33E70D80B88C}.Release|Any CPU.ActiveCfg = Release|Any CPU
		{5DAAA5A2-03AD-4197-87BF-33E70D80B88C}.Release|Any CPU.Build.0 = Release|Any CPU
		{5DAAA5A2-03AD-4197-87BF-33E70D80B88C}.Release|x64.ActiveCfg = Release|Any CPU
		{5DAAA5A2-03AD-4197-87BF-33E70D80B88C}.Release|x64.Build.0 = Release|Any CPU
		{5DAAA5A2-03AD-4197-87BF-33E70D80B88C}.Release|x86.ActiveCfg = Release|Any CPU
		{5DAAA5A2-03AD-4197-87BF-33E70D80B88C}.Release|x86.Build.0 = Release|Any CPU
		{DC83E7A5-8BE1-49D5-ADD2-4AFF054CA8C5}.Debug|Any CPU.ActiveCfg = Debug|Any CPU
		{DC83E7A5-8BE1-49D5-ADD2-4AFF054CA8C5}.Debug|Any CPU.Build.0 = Debug|Any CPU
		{DC83E7A5-8BE1-49D5-ADD2-4AFF054CA8C5}.Debug|x64.ActiveCfg = Debug|Any CPU
		{DC83E7A5-8BE1-49D5-ADD2-4AFF054CA8C5}.Debug|x64.Build.0 = Debug|Any CPU
		{DC83E7A5-8BE1-49D5-ADD2-4AFF054CA8C5}.Debug|x86.ActiveCfg = Debug|Any CPU
		{DC83E7A5-8BE1-49D5-ADD2-4AFF054CA8C5}.Debug|x86.Build.0 = Debug|Any CPU
		{DC83E7A5-8BE1-49D5-ADD2-4AFF054CA8C5}.Release|Any CPU.ActiveCfg = Release|Any CPU
		{DC83E7A5-8BE1-49D5-ADD2-4AFF054CA8C5}.Release|Any CPU.Build.0 = Release|Any CPU
		{DC83E7A5-8BE1-49D5-ADD2-4AFF054CA8C5}.Release|x64.ActiveCfg = Release|Any CPU
		{DC83E7A5-8BE1-49D5-ADD2-4AFF054CA8C5}.Release|x64.Build.0 = Release|Any CPU
		{DC83E7A5-8BE1-49D5-ADD2-4AFF054CA8C5}.Release|x86.ActiveCfg = Release|Any CPU
		{DC83E7A5-8BE1-49D5-ADD2-4AFF054CA8C5}.Release|x86.Build.0 = Release|Any CPU
		{898BB531-1A18-47F6-B782-1291E7BF1378}.Debug|Any CPU.ActiveCfg = Debug|Any CPU
		{898BB531-1A18-47F6-B782-1291E7BF1378}.Debug|Any CPU.Build.0 = Debug|Any CPU
		{898BB531-1A18-47F6-B782-1291E7BF1378}.Debug|x64.ActiveCfg = Debug|Any CPU
		{898BB531-1A18-47F6-B782-1291E7BF1378}.Debug|x64.Build.0 = Debug|Any CPU
		{898BB531-1A18-47F6-B782-1291E7BF1378}.Debug|x86.ActiveCfg = Debug|Any CPU
		{898BB531-1A18-47F6-B782-1291E7BF1378}.Debug|x86.Build.0 = Debug|Any CPU
		{898BB531-1A18-47F6-B782-1291E7BF1378}.Release|Any CPU.ActiveCfg = Release|Any CPU
		{898BB531-1A18-47F6-B782-1291E7BF1378}.Release|Any CPU.Build.0 = Release|Any CPU
		{898BB531-1A18-47F6-B782-1291E7BF1378}.Release|x64.ActiveCfg = Release|Any CPU
		{898BB531-1A18-47F6-B782-1291E7BF1378}.Release|x64.Build.0 = Release|Any CPU
		{898BB531-1A18-47F6-B782-1291E7BF1378}.Release|x86.ActiveCfg = Release|Any CPU
		{898BB531-1A18-47F6-B782-1291E7BF1378}.Release|x86.Build.0 = Release|Any CPU
		{2BED7C92-709E-4958-A5CF-F6DA622F82F1}.Debug|Any CPU.ActiveCfg = Debug|Any CPU
		{2BED7C92-709E-4958-A5CF-F6DA622F82F1}.Debug|Any CPU.Build.0 = Debug|Any CPU
		{2BED7C92-709E-4958-A5CF-F6DA622F82F1}.Debug|x64.ActiveCfg = Debug|Any CPU
		{2BED7C92-709E-4958-A5CF-F6DA622F82F1}.Debug|x64.Build.0 = Debug|Any CPU
		{2BED7C92-709E-4958-A5CF-F6DA622F82F1}.Debug|x86.ActiveCfg = Debug|Any CPU
		{2BED7C92-709E-4958-A5CF-F6DA622F82F1}.Debug|x86.Build.0 = Debug|Any CPU
		{2BED7C92-709E-4958-A5CF-F6DA622F82F1}.Release|Any CPU.ActiveCfg = Release|Any CPU
		{2BED7C92-709E-4958-A5CF-F6DA622F82F1}.Release|Any CPU.Build.0 = Release|Any CPU
		{2BED7C92-709E-4958-A5CF-F6DA622F82F1}.Release|x64.ActiveCfg = Release|Any CPU
		{2BED7C92-709E-4958-A5CF-F6DA622F82F1}.Release|x64.Build.0 = Release|Any CPU
		{2BED7C92-709E-4958-A5CF-F6DA622F82F1}.Release|x86.ActiveCfg = Release|Any CPU
		{2BED7C92-709E-4958-A5CF-F6DA622F82F1}.Release|x86.Build.0 = Release|Any CPU
		{A0E7AEE4-6768-4635-A87C-B08DCBBC1209}.Debug|Any CPU.ActiveCfg = Debug|Any CPU
		{A0E7AEE4-6768-4635-A87C-B08DCBBC1209}.Debug|Any CPU.Build.0 = Debug|Any CPU
		{A0E7AEE4-6768-4635-A87C-B08DCBBC1209}.Debug|x64.ActiveCfg = Debug|Any CPU
		{A0E7AEE4-6768-4635-A87C-B08DCBBC1209}.Debug|x64.Build.0 = Debug|Any CPU
		{A0E7AEE4-6768-4635-A87C-B08DCBBC1209}.Debug|x86.ActiveCfg = Debug|Any CPU
		{A0E7AEE4-6768-4635-A87C-B08DCBBC1209}.Debug|x86.Build.0 = Debug|Any CPU
		{A0E7AEE4-6768-4635-A87C-B08DCBBC1209}.Release|Any CPU.ActiveCfg = Release|Any CPU
		{A0E7AEE4-6768-4635-A87C-B08DCBBC1209}.Release|Any CPU.Build.0 = Release|Any CPU
		{A0E7AEE4-6768-4635-A87C-B08DCBBC1209}.Release|x64.ActiveCfg = Release|Any CPU
		{A0E7AEE4-6768-4635-A87C-B08DCBBC1209}.Release|x64.Build.0 = Release|Any CPU
		{A0E7AEE4-6768-4635-A87C-B08DCBBC1209}.Release|x86.ActiveCfg = Release|Any CPU
		{A0E7AEE4-6768-4635-A87C-B08DCBBC1209}.Release|x86.Build.0 = Release|Any CPU
		{A0ADFF91-A478-4B65-B2CA-55E4479D18AD}.Debug|Any CPU.ActiveCfg = Debug|Any CPU
		{A0ADFF91-A478-4B65-B2CA-55E4479D18AD}.Debug|Any CPU.Build.0 = Debug|Any CPU
		{A0ADFF91-A478-4B65-B2CA-55E4479D18AD}.Debug|x64.ActiveCfg = Debug|Any CPU
		{A0ADFF91-A478-4B65-B2CA-55E4479D18AD}.Debug|x64.Build.0 = Debug|Any CPU
		{A0ADFF91-A478-4B65-B2CA-55E4479D18AD}.Debug|x86.ActiveCfg = Debug|Any CPU
		{A0ADFF91-A478-4B65-B2CA-55E4479D18AD}.Debug|x86.Build.0 = Debug|Any CPU
		{A0ADFF91-A478-4B65-B2CA-55E4479D18AD}.Release|Any CPU.ActiveCfg = Release|Any CPU
		{A0ADFF91-A478-4B65-B2CA-55E4479D18AD}.Release|Any CPU.Build.0 = Release|Any CPU
		{A0ADFF91-A478-4B65-B2CA-55E4479D18AD}.Release|x64.ActiveCfg = Release|Any CPU
		{A0ADFF91-A478-4B65-B2CA-55E4479D18AD}.Release|x64.Build.0 = Release|Any CPU
		{A0ADFF91-A478-4B65-B2CA-55E4479D18AD}.Release|x86.ActiveCfg = Release|Any CPU
		{A0ADFF91-A478-4B65-B2CA-55E4479D18AD}.Release|x86.Build.0 = Release|Any CPU
		{5ECDB125-7848-4A41-BE68-D0560258B595}.Debug|Any CPU.ActiveCfg = Debug|Any CPU
		{5ECDB125-7848-4A41-BE68-D0560258B595}.Debug|Any CPU.Build.0 = Debug|Any CPU
		{5ECDB125-7848-4A41-BE68-D0560258B595}.Debug|x64.ActiveCfg = Debug|Any CPU
		{5ECDB125-7848-4A41-BE68-D0560258B595}.Debug|x64.Build.0 = Debug|Any CPU
		{5ECDB125-7848-4A41-BE68-D0560258B595}.Debug|x86.ActiveCfg = Debug|Any CPU
		{5ECDB125-7848-4A41-BE68-D0560258B595}.Debug|x86.Build.0 = Debug|Any CPU
		{5ECDB125-7848-4A41-BE68-D0560258B595}.Release|Any CPU.ActiveCfg = Release|Any CPU
		{5ECDB125-7848-4A41-BE68-D0560258B595}.Release|Any CPU.Build.0 = Release|Any CPU
		{5ECDB125-7848-4A41-BE68-D0560258B595}.Release|x64.ActiveCfg = Release|Any CPU
		{5ECDB125-7848-4A41-BE68-D0560258B595}.Release|x64.Build.0 = Release|Any CPU
		{5ECDB125-7848-4A41-BE68-D0560258B595}.Release|x86.ActiveCfg = Release|Any CPU
		{5ECDB125-7848-4A41-BE68-D0560258B595}.Release|x86.Build.0 = Release|Any CPU
		{56728870-7872-45F4-ADB2-BFCC4835964D}.Debug|Any CPU.ActiveCfg = Debug|Any CPU
		{56728870-7872-45F4-ADB2-BFCC4835964D}.Debug|Any CPU.Build.0 = Debug|Any CPU
		{56728870-7872-45F4-ADB2-BFCC4835964D}.Debug|x64.ActiveCfg = Debug|Any CPU
		{56728870-7872-45F4-ADB2-BFCC4835964D}.Debug|x64.Build.0 = Debug|Any CPU
		{56728870-7872-45F4-ADB2-BFCC4835964D}.Debug|x86.ActiveCfg = Debug|Any CPU
		{56728870-7872-45F4-ADB2-BFCC4835964D}.Debug|x86.Build.0 = Debug|Any CPU
		{56728870-7872-45F4-ADB2-BFCC4835964D}.Release|Any CPU.ActiveCfg = Release|Any CPU
		{56728870-7872-45F4-ADB2-BFCC4835964D}.Release|Any CPU.Build.0 = Release|Any CPU
		{56728870-7872-45F4-ADB2-BFCC4835964D}.Release|x64.ActiveCfg = Release|Any CPU
		{56728870-7872-45F4-ADB2-BFCC4835964D}.Release|x64.Build.0 = Release|Any CPU
		{56728870-7872-45F4-ADB2-BFCC4835964D}.Release|x86.ActiveCfg = Release|Any CPU
		{56728870-7872-45F4-ADB2-BFCC4835964D}.Release|x86.Build.0 = Release|Any CPU
		{9F0D3199-CCBC-43CF-A7E5-04BC6B61BC1D}.Debug|Any CPU.ActiveCfg = Debug|Any CPU
		{9F0D3199-CCBC-43CF-A7E5-04BC6B61BC1D}.Debug|Any CPU.Build.0 = Debug|Any CPU
		{9F0D3199-CCBC-43CF-A7E5-04BC6B61BC1D}.Debug|x64.ActiveCfg = Debug|Any CPU
		{9F0D3199-CCBC-43CF-A7E5-04BC6B61BC1D}.Debug|x64.Build.0 = Debug|Any CPU
		{9F0D3199-CCBC-43CF-A7E5-04BC6B61BC1D}.Debug|x86.ActiveCfg = Debug|Any CPU
		{9F0D3199-CCBC-43CF-A7E5-04BC6B61BC1D}.Debug|x86.Build.0 = Debug|Any CPU
		{9F0D3199-CCBC-43CF-A7E5-04BC6B61BC1D}.Release|Any CPU.ActiveCfg = Release|Any CPU
		{9F0D3199-CCBC-43CF-A7E5-04BC6B61BC1D}.Release|Any CPU.Build.0 = Release|Any CPU
		{9F0D3199-CCBC-43CF-A7E5-04BC6B61BC1D}.Release|x64.ActiveCfg = Release|Any CPU
		{9F0D3199-CCBC-43CF-A7E5-04BC6B61BC1D}.Release|x64.Build.0 = Release|Any CPU
		{9F0D3199-CCBC-43CF-A7E5-04BC6B61BC1D}.Release|x86.ActiveCfg = Release|Any CPU
		{9F0D3199-CCBC-43CF-A7E5-04BC6B61BC1D}.Release|x86.Build.0 = Release|Any CPU
		{2092E664-A8B8-4E17-9100-F600C0DC748C}.Debug|Any CPU.ActiveCfg = Debug|Any CPU
		{2092E664-A8B8-4E17-9100-F600C0DC748C}.Debug|Any CPU.Build.0 = Debug|Any CPU
		{2092E664-A8B8-4E17-9100-F600C0DC748C}.Debug|x64.ActiveCfg = Debug|Any CPU
		{2092E664-A8B8-4E17-9100-F600C0DC748C}.Debug|x64.Build.0 = Debug|Any CPU
		{2092E664-A8B8-4E17-9100-F600C0DC748C}.Debug|x86.ActiveCfg = Debug|Any CPU
		{2092E664-A8B8-4E17-9100-F600C0DC748C}.Debug|x86.Build.0 = Debug|Any CPU
		{2092E664-A8B8-4E17-9100-F600C0DC748C}.Release|Any CPU.ActiveCfg = Release|Any CPU
		{2092E664-A8B8-4E17-9100-F600C0DC748C}.Release|Any CPU.Build.0 = Release|Any CPU
		{2092E664-A8B8-4E17-9100-F600C0DC748C}.Release|x64.ActiveCfg = Release|Any CPU
		{2092E664-A8B8-4E17-9100-F600C0DC748C}.Release|x64.Build.0 = Release|Any CPU
		{2092E664-A8B8-4E17-9100-F600C0DC748C}.Release|x86.ActiveCfg = Release|Any CPU
		{2092E664-A8B8-4E17-9100-F600C0DC748C}.Release|x86.Build.0 = Release|Any CPU
		{8F2FAA8B-2940-49BC-8A09-35726BED4395}.Debug|Any CPU.ActiveCfg = Debug|Any CPU
		{8F2FAA8B-2940-49BC-8A09-35726BED4395}.Debug|Any CPU.Build.0 = Debug|Any CPU
		{8F2FAA8B-2940-49BC-8A09-35726BED4395}.Debug|x64.ActiveCfg = Debug|Any CPU
		{8F2FAA8B-2940-49BC-8A09-35726BED4395}.Debug|x64.Build.0 = Debug|Any CPU
		{8F2FAA8B-2940-49BC-8A09-35726BED4395}.Debug|x86.ActiveCfg = Debug|Any CPU
		{8F2FAA8B-2940-49BC-8A09-35726BED4395}.Debug|x86.Build.0 = Debug|Any CPU
		{8F2FAA8B-2940-49BC-8A09-35726BED4395}.Release|Any CPU.ActiveCfg = Release|Any CPU
		{8F2FAA8B-2940-49BC-8A09-35726BED4395}.Release|Any CPU.Build.0 = Release|Any CPU
		{8F2FAA8B-2940-49BC-8A09-35726BED4395}.Release|x64.ActiveCfg = Release|Any CPU
		{8F2FAA8B-2940-49BC-8A09-35726BED4395}.Release|x64.Build.0 = Release|Any CPU
		{8F2FAA8B-2940-49BC-8A09-35726BED4395}.Release|x86.ActiveCfg = Release|Any CPU
		{8F2FAA8B-2940-49BC-8A09-35726BED4395}.Release|x86.Build.0 = Release|Any CPU
		{38866165-6F80-44A2-9DED-B1C0875D06DF}.Debug|Any CPU.ActiveCfg = Debug|Any CPU
		{38866165-6F80-44A2-9DED-B1C0875D06DF}.Debug|Any CPU.Build.0 = Debug|Any CPU
		{38866165-6F80-44A2-9DED-B1C0875D06DF}.Debug|x64.ActiveCfg = Debug|Any CPU
		{38866165-6F80-44A2-9DED-B1C0875D06DF}.Debug|x64.Build.0 = Debug|Any CPU
		{38866165-6F80-44A2-9DED-B1C0875D06DF}.Debug|x86.ActiveCfg = Debug|Any CPU
		{38866165-6F80-44A2-9DED-B1C0875D06DF}.Debug|x86.Build.0 = Debug|Any CPU
		{38866165-6F80-44A2-9DED-B1C0875D06DF}.Release|Any CPU.ActiveCfg = Release|Any CPU
		{38866165-6F80-44A2-9DED-B1C0875D06DF}.Release|Any CPU.Build.0 = Release|Any CPU
		{38866165-6F80-44A2-9DED-B1C0875D06DF}.Release|x64.ActiveCfg = Release|Any CPU
		{38866165-6F80-44A2-9DED-B1C0875D06DF}.Release|x64.Build.0 = Release|Any CPU
		{38866165-6F80-44A2-9DED-B1C0875D06DF}.Release|x86.ActiveCfg = Release|Any CPU
		{38866165-6F80-44A2-9DED-B1C0875D06DF}.Release|x86.Build.0 = Release|Any CPU
		{AC4A0FFA-F10F-4246-BBE7-4B3A8557FD5C}.Debug|Any CPU.ActiveCfg = Debug|Any CPU
		{AC4A0FFA-F10F-4246-BBE7-4B3A8557FD5C}.Debug|Any CPU.Build.0 = Debug|Any CPU
		{AC4A0FFA-F10F-4246-BBE7-4B3A8557FD5C}.Debug|x64.ActiveCfg = Debug|Any CPU
		{AC4A0FFA-F10F-4246-BBE7-4B3A8557FD5C}.Debug|x64.Build.0 = Debug|Any CPU
		{AC4A0FFA-F10F-4246-BBE7-4B3A8557FD5C}.Debug|x86.ActiveCfg = Debug|Any CPU
		{AC4A0FFA-F10F-4246-BBE7-4B3A8557FD5C}.Debug|x86.Build.0 = Debug|Any CPU
		{AC4A0FFA-F10F-4246-BBE7-4B3A8557FD5C}.Release|Any CPU.ActiveCfg = Release|Any CPU
		{AC4A0FFA-F10F-4246-BBE7-4B3A8557FD5C}.Release|Any CPU.Build.0 = Release|Any CPU
		{AC4A0FFA-F10F-4246-BBE7-4B3A8557FD5C}.Release|x64.ActiveCfg = Release|Any CPU
		{AC4A0FFA-F10F-4246-BBE7-4B3A8557FD5C}.Release|x64.Build.0 = Release|Any CPU
		{AC4A0FFA-F10F-4246-BBE7-4B3A8557FD5C}.Release|x86.ActiveCfg = Release|Any CPU
		{AC4A0FFA-F10F-4246-BBE7-4B3A8557FD5C}.Release|x86.Build.0 = Release|Any CPU
		{B7B5E28C-99BD-4A79-A1A0-48498E48F2FD}.Debug|Any CPU.ActiveCfg = Debug|Any CPU
		{B7B5E28C-99BD-4A79-A1A0-48498E48F2FD}.Debug|Any CPU.Build.0 = Debug|Any CPU
		{B7B5E28C-99BD-4A79-A1A0-48498E48F2FD}.Debug|x64.ActiveCfg = Debug|Any CPU
		{B7B5E28C-99BD-4A79-A1A0-48498E48F2FD}.Debug|x64.Build.0 = Debug|Any CPU
		{B7B5E28C-99BD-4A79-A1A0-48498E48F2FD}.Debug|x86.ActiveCfg = Debug|Any CPU
		{B7B5E28C-99BD-4A79-A1A0-48498E48F2FD}.Debug|x86.Build.0 = Debug|Any CPU
		{B7B5E28C-99BD-4A79-A1A0-48498E48F2FD}.Release|Any CPU.ActiveCfg = Release|Any CPU
		{B7B5E28C-99BD-4A79-A1A0-48498E48F2FD}.Release|Any CPU.Build.0 = Release|Any CPU
		{B7B5E28C-99BD-4A79-A1A0-48498E48F2FD}.Release|x64.ActiveCfg = Release|Any CPU
		{B7B5E28C-99BD-4A79-A1A0-48498E48F2FD}.Release|x64.Build.0 = Release|Any CPU
		{B7B5E28C-99BD-4A79-A1A0-48498E48F2FD}.Release|x86.ActiveCfg = Release|Any CPU
		{B7B5E28C-99BD-4A79-A1A0-48498E48F2FD}.Release|x86.Build.0 = Release|Any CPU
		{C937B9D9-4839-465F-97AF-998F02B53AFD}.Debug|Any CPU.ActiveCfg = Debug|Any CPU
		{C937B9D9-4839-465F-97AF-998F02B53AFD}.Debug|Any CPU.Build.0 = Debug|Any CPU
		{C937B9D9-4839-465F-97AF-998F02B53AFD}.Debug|x64.ActiveCfg = Debug|Any CPU
		{C937B9D9-4839-465F-97AF-998F02B53AFD}.Debug|x64.Build.0 = Debug|Any CPU
		{C937B9D9-4839-465F-97AF-998F02B53AFD}.Debug|x86.ActiveCfg = Debug|Any CPU
		{C937B9D9-4839-465F-97AF-998F02B53AFD}.Debug|x86.Build.0 = Debug|Any CPU
		{C937B9D9-4839-465F-97AF-998F02B53AFD}.Release|Any CPU.ActiveCfg = Release|Any CPU
		{C937B9D9-4839-465F-97AF-998F02B53AFD}.Release|Any CPU.Build.0 = Release|Any CPU
		{C937B9D9-4839-465F-97AF-998F02B53AFD}.Release|x64.ActiveCfg = Release|Any CPU
		{C937B9D9-4839-465F-97AF-998F02B53AFD}.Release|x64.Build.0 = Release|Any CPU
		{C937B9D9-4839-465F-97AF-998F02B53AFD}.Release|x86.ActiveCfg = Release|Any CPU
		{C937B9D9-4839-465F-97AF-998F02B53AFD}.Release|x86.Build.0 = Release|Any CPU
		{7D89D50A-92C8-4BCC-B0F8-E28B80F27743}.Debug|Any CPU.ActiveCfg = Debug|Any CPU
		{7D89D50A-92C8-4BCC-B0F8-E28B80F27743}.Debug|Any CPU.Build.0 = Debug|Any CPU
		{7D89D50A-92C8-4BCC-B0F8-E28B80F27743}.Debug|x64.ActiveCfg = Debug|Any CPU
		{7D89D50A-92C8-4BCC-B0F8-E28B80F27743}.Debug|x64.Build.0 = Debug|Any CPU
		{7D89D50A-92C8-4BCC-B0F8-E28B80F27743}.Debug|x86.ActiveCfg = Debug|Any CPU
		{7D89D50A-92C8-4BCC-B0F8-E28B80F27743}.Debug|x86.Build.0 = Debug|Any CPU
		{7D89D50A-92C8-4BCC-B0F8-E28B80F27743}.Release|Any CPU.ActiveCfg = Release|Any CPU
		{7D89D50A-92C8-4BCC-B0F8-E28B80F27743}.Release|Any CPU.Build.0 = Release|Any CPU
		{7D89D50A-92C8-4BCC-B0F8-E28B80F27743}.Release|x64.ActiveCfg = Release|Any CPU
		{7D89D50A-92C8-4BCC-B0F8-E28B80F27743}.Release|x64.Build.0 = Release|Any CPU
		{7D89D50A-92C8-4BCC-B0F8-E28B80F27743}.Release|x86.ActiveCfg = Release|Any CPU
		{7D89D50A-92C8-4BCC-B0F8-E28B80F27743}.Release|x86.Build.0 = Release|Any CPU
		{617CE448-0791-48FF-A102-56A223FEC6FE}.Debug|Any CPU.ActiveCfg = Debug|Any CPU
		{617CE448-0791-48FF-A102-56A223FEC6FE}.Debug|Any CPU.Build.0 = Debug|Any CPU
		{617CE448-0791-48FF-A102-56A223FEC6FE}.Debug|x64.ActiveCfg = Debug|Any CPU
		{617CE448-0791-48FF-A102-56A223FEC6FE}.Debug|x64.Build.0 = Debug|Any CPU
		{617CE448-0791-48FF-A102-56A223FEC6FE}.Debug|x86.ActiveCfg = Debug|Any CPU
		{617CE448-0791-48FF-A102-56A223FEC6FE}.Debug|x86.Build.0 = Debug|Any CPU
		{617CE448-0791-48FF-A102-56A223FEC6FE}.Release|Any CPU.ActiveCfg = Release|Any CPU
		{617CE448-0791-48FF-A102-56A223FEC6FE}.Release|Any CPU.Build.0 = Release|Any CPU
		{617CE448-0791-48FF-A102-56A223FEC6FE}.Release|x64.ActiveCfg = Release|Any CPU
		{617CE448-0791-48FF-A102-56A223FEC6FE}.Release|x64.Build.0 = Release|Any CPU
		{617CE448-0791-48FF-A102-56A223FEC6FE}.Release|x86.ActiveCfg = Release|Any CPU
		{617CE448-0791-48FF-A102-56A223FEC6FE}.Release|x86.Build.0 = Release|Any CPU
		{BC1CF367-17BA-44BA-A41C-E885CE485268}.Debug|Any CPU.ActiveCfg = Debug|Any CPU
		{BC1CF367-17BA-44BA-A41C-E885CE485268}.Debug|Any CPU.Build.0 = Debug|Any CPU
		{BC1CF367-17BA-44BA-A41C-E885CE485268}.Debug|x64.ActiveCfg = Debug|Any CPU
		{BC1CF367-17BA-44BA-A41C-E885CE485268}.Debug|x64.Build.0 = Debug|Any CPU
		{BC1CF367-17BA-44BA-A41C-E885CE485268}.Debug|x86.ActiveCfg = Debug|Any CPU
		{BC1CF367-17BA-44BA-A41C-E885CE485268}.Debug|x86.Build.0 = Debug|Any CPU
		{BC1CF367-17BA-44BA-A41C-E885CE485268}.Release|Any CPU.ActiveCfg = Release|Any CPU
		{BC1CF367-17BA-44BA-A41C-E885CE485268}.Release|Any CPU.Build.0 = Release|Any CPU
		{BC1CF367-17BA-44BA-A41C-E885CE485268}.Release|x64.ActiveCfg = Release|Any CPU
		{BC1CF367-17BA-44BA-A41C-E885CE485268}.Release|x64.Build.0 = Release|Any CPU
		{BC1CF367-17BA-44BA-A41C-E885CE485268}.Release|x86.ActiveCfg = Release|Any CPU
		{BC1CF367-17BA-44BA-A41C-E885CE485268}.Release|x86.Build.0 = Release|Any CPU
		{A7FF12E6-11BF-4863-A38A-9875A668F41D}.Debug|Any CPU.ActiveCfg = Debug|Any CPU
		{A7FF12E6-11BF-4863-A38A-9875A668F41D}.Debug|Any CPU.Build.0 = Debug|Any CPU
		{A7FF12E6-11BF-4863-A38A-9875A668F41D}.Debug|x64.ActiveCfg = Debug|Any CPU
		{A7FF12E6-11BF-4863-A38A-9875A668F41D}.Debug|x64.Build.0 = Debug|Any CPU
		{A7FF12E6-11BF-4863-A38A-9875A668F41D}.Debug|x86.ActiveCfg = Debug|Any CPU
		{A7FF12E6-11BF-4863-A38A-9875A668F41D}.Debug|x86.Build.0 = Debug|Any CPU
		{A7FF12E6-11BF-4863-A38A-9875A668F41D}.Release|Any CPU.ActiveCfg = Release|Any CPU
		{A7FF12E6-11BF-4863-A38A-9875A668F41D}.Release|Any CPU.Build.0 = Release|Any CPU
		{A7FF12E6-11BF-4863-A38A-9875A668F41D}.Release|x64.ActiveCfg = Release|Any CPU
		{A7FF12E6-11BF-4863-A38A-9875A668F41D}.Release|x64.Build.0 = Release|Any CPU
		{A7FF12E6-11BF-4863-A38A-9875A668F41D}.Release|x86.ActiveCfg = Release|Any CPU
		{A7FF12E6-11BF-4863-A38A-9875A668F41D}.Release|x86.Build.0 = Release|Any CPU
		{3F3D9BF0-F713-4FF2-BF2A-3D4D174276F9}.Debug|Any CPU.ActiveCfg = Debug|Any CPU
		{3F3D9BF0-F713-4FF2-BF2A-3D4D174276F9}.Debug|Any CPU.Build.0 = Debug|Any CPU
		{3F3D9BF0-F713-4FF2-BF2A-3D4D174276F9}.Debug|x64.ActiveCfg = Debug|Any CPU
		{3F3D9BF0-F713-4FF2-BF2A-3D4D174276F9}.Debug|x64.Build.0 = Debug|Any CPU
		{3F3D9BF0-F713-4FF2-BF2A-3D4D174276F9}.Debug|x86.ActiveCfg = Debug|Any CPU
		{3F3D9BF0-F713-4FF2-BF2A-3D4D174276F9}.Debug|x86.Build.0 = Debug|Any CPU
		{3F3D9BF0-F713-4FF2-BF2A-3D4D174276F9}.Release|Any CPU.ActiveCfg = Release|Any CPU
		{3F3D9BF0-F713-4FF2-BF2A-3D4D174276F9}.Release|Any CPU.Build.0 = Release|Any CPU
		{3F3D9BF0-F713-4FF2-BF2A-3D4D174276F9}.Release|x64.ActiveCfg = Release|Any CPU
		{3F3D9BF0-F713-4FF2-BF2A-3D4D174276F9}.Release|x64.Build.0 = Release|Any CPU
		{3F3D9BF0-F713-4FF2-BF2A-3D4D174276F9}.Release|x86.ActiveCfg = Release|Any CPU
		{3F3D9BF0-F713-4FF2-BF2A-3D4D174276F9}.Release|x86.Build.0 = Release|Any CPU
		{B33442F3-4E31-495A-8236-B3FFE86C8BAF}.Debug|Any CPU.ActiveCfg = Debug|Any CPU
		{B33442F3-4E31-495A-8236-B3FFE86C8BAF}.Debug|Any CPU.Build.0 = Debug|Any CPU
		{B33442F3-4E31-495A-8236-B3FFE86C8BAF}.Debug|x64.ActiveCfg = Debug|Any CPU
		{B33442F3-4E31-495A-8236-B3FFE86C8BAF}.Debug|x64.Build.0 = Debug|Any CPU
		{B33442F3-4E31-495A-8236-B3FFE86C8BAF}.Debug|x86.ActiveCfg = Debug|Any CPU
		{B33442F3-4E31-495A-8236-B3FFE86C8BAF}.Debug|x86.Build.0 = Debug|Any CPU
		{B33442F3-4E31-495A-8236-B3FFE86C8BAF}.Release|Any CPU.ActiveCfg = Release|Any CPU
		{B33442F3-4E31-495A-8236-B3FFE86C8BAF}.Release|Any CPU.Build.0 = Release|Any CPU
		{B33442F3-4E31-495A-8236-B3FFE86C8BAF}.Release|x64.ActiveCfg = Release|Any CPU
		{B33442F3-4E31-495A-8236-B3FFE86C8BAF}.Release|x64.Build.0 = Release|Any CPU
		{B33442F3-4E31-495A-8236-B3FFE86C8BAF}.Release|x86.ActiveCfg = Release|Any CPU
		{B33442F3-4E31-495A-8236-B3FFE86C8BAF}.Release|x86.Build.0 = Release|Any CPU
		{758DF209-B94A-44CC-AB46-17ABCDF1E4BE}.Debug|Any CPU.ActiveCfg = Debug|Any CPU
		{758DF209-B94A-44CC-AB46-17ABCDF1E4BE}.Debug|Any CPU.Build.0 = Debug|Any CPU
		{758DF209-B94A-44CC-AB46-17ABCDF1E4BE}.Debug|x64.ActiveCfg = Debug|Any CPU
		{758DF209-B94A-44CC-AB46-17ABCDF1E4BE}.Debug|x64.Build.0 = Debug|Any CPU
		{758DF209-B94A-44CC-AB46-17ABCDF1E4BE}.Debug|x86.ActiveCfg = Debug|Any CPU
		{758DF209-B94A-44CC-AB46-17ABCDF1E4BE}.Debug|x86.Build.0 = Debug|Any CPU
		{758DF209-B94A-44CC-AB46-17ABCDF1E4BE}.Release|Any CPU.ActiveCfg = Release|Any CPU
		{758DF209-B94A-44CC-AB46-17ABCDF1E4BE}.Release|Any CPU.Build.0 = Release|Any CPU
		{758DF209-B94A-44CC-AB46-17ABCDF1E4BE}.Release|x64.ActiveCfg = Release|Any CPU
		{758DF209-B94A-44CC-AB46-17ABCDF1E4BE}.Release|x64.Build.0 = Release|Any CPU
		{758DF209-B94A-44CC-AB46-17ABCDF1E4BE}.Release|x86.ActiveCfg = Release|Any CPU
		{758DF209-B94A-44CC-AB46-17ABCDF1E4BE}.Release|x86.Build.0 = Release|Any CPU
		{FD1DD0D1-D634-4FFD-91F1-8B032B3358FD}.Debug|Any CPU.ActiveCfg = Debug|Any CPU
		{FD1DD0D1-D634-4FFD-91F1-8B032B3358FD}.Debug|Any CPU.Build.0 = Debug|Any CPU
		{FD1DD0D1-D634-4FFD-91F1-8B032B3358FD}.Debug|x64.ActiveCfg = Debug|Any CPU
		{FD1DD0D1-D634-4FFD-91F1-8B032B3358FD}.Debug|x64.Build.0 = Debug|Any CPU
		{FD1DD0D1-D634-4FFD-91F1-8B032B3358FD}.Debug|x86.ActiveCfg = Debug|Any CPU
		{FD1DD0D1-D634-4FFD-91F1-8B032B3358FD}.Debug|x86.Build.0 = Debug|Any CPU
		{FD1DD0D1-D634-4FFD-91F1-8B032B3358FD}.Release|Any CPU.ActiveCfg = Release|Any CPU
		{FD1DD0D1-D634-4FFD-91F1-8B032B3358FD}.Release|Any CPU.Build.0 = Release|Any CPU
		{FD1DD0D1-D634-4FFD-91F1-8B032B3358FD}.Release|x64.ActiveCfg = Release|Any CPU
		{FD1DD0D1-D634-4FFD-91F1-8B032B3358FD}.Release|x64.Build.0 = Release|Any CPU
		{FD1DD0D1-D634-4FFD-91F1-8B032B3358FD}.Release|x86.ActiveCfg = Release|Any CPU
		{FD1DD0D1-D634-4FFD-91F1-8B032B3358FD}.Release|x86.Build.0 = Release|Any CPU
		{3DB3F321-1188-4D77-860D-97B6AF6676A9}.Debug|Any CPU.ActiveCfg = Debug|Any CPU
		{3DB3F321-1188-4D77-860D-97B6AF6676A9}.Debug|Any CPU.Build.0 = Debug|Any CPU
		{3DB3F321-1188-4D77-860D-97B6AF6676A9}.Debug|x64.ActiveCfg = Debug|Any CPU
		{3DB3F321-1188-4D77-860D-97B6AF6676A9}.Debug|x64.Build.0 = Debug|Any CPU
		{3DB3F321-1188-4D77-860D-97B6AF6676A9}.Debug|x86.ActiveCfg = Debug|Any CPU
		{3DB3F321-1188-4D77-860D-97B6AF6676A9}.Debug|x86.Build.0 = Debug|Any CPU
		{3DB3F321-1188-4D77-860D-97B6AF6676A9}.Release|Any CPU.ActiveCfg = Release|Any CPU
		{3DB3F321-1188-4D77-860D-97B6AF6676A9}.Release|Any CPU.Build.0 = Release|Any CPU
		{3DB3F321-1188-4D77-860D-97B6AF6676A9}.Release|x64.ActiveCfg = Release|Any CPU
		{3DB3F321-1188-4D77-860D-97B6AF6676A9}.Release|x64.Build.0 = Release|Any CPU
		{3DB3F321-1188-4D77-860D-97B6AF6676A9}.Release|x86.ActiveCfg = Release|Any CPU
		{3DB3F321-1188-4D77-860D-97B6AF6676A9}.Release|x86.Build.0 = Release|Any CPU
		{E6C9F8ED-AC2B-4E98-80D5-AE52E334677F}.Debug|Any CPU.ActiveCfg = Debug|Any CPU
		{E6C9F8ED-AC2B-4E98-80D5-AE52E334677F}.Debug|Any CPU.Build.0 = Debug|Any CPU
		{E6C9F8ED-AC2B-4E98-80D5-AE52E334677F}.Debug|x64.ActiveCfg = Debug|Any CPU
		{E6C9F8ED-AC2B-4E98-80D5-AE52E334677F}.Debug|x64.Build.0 = Debug|Any CPU
		{E6C9F8ED-AC2B-4E98-80D5-AE52E334677F}.Debug|x86.ActiveCfg = Debug|Any CPU
		{E6C9F8ED-AC2B-4E98-80D5-AE52E334677F}.Debug|x86.Build.0 = Debug|Any CPU
		{E6C9F8ED-AC2B-4E98-80D5-AE52E334677F}.Release|Any CPU.ActiveCfg = Release|Any CPU
		{E6C9F8ED-AC2B-4E98-80D5-AE52E334677F}.Release|Any CPU.Build.0 = Release|Any CPU
		{E6C9F8ED-AC2B-4E98-80D5-AE52E334677F}.Release|x64.ActiveCfg = Release|Any CPU
		{E6C9F8ED-AC2B-4E98-80D5-AE52E334677F}.Release|x64.Build.0 = Release|Any CPU
		{E6C9F8ED-AC2B-4E98-80D5-AE52E334677F}.Release|x86.ActiveCfg = Release|Any CPU
		{E6C9F8ED-AC2B-4E98-80D5-AE52E334677F}.Release|x86.Build.0 = Release|Any CPU
		{2073F7FD-2AAD-4B4F-A437-A05D62C840D7}.Debug|Any CPU.ActiveCfg = Debug|Any CPU
		{2073F7FD-2AAD-4B4F-A437-A05D62C840D7}.Debug|Any CPU.Build.0 = Debug|Any CPU
		{2073F7FD-2AAD-4B4F-A437-A05D62C840D7}.Debug|x64.ActiveCfg = Debug|Any CPU
		{2073F7FD-2AAD-4B4F-A437-A05D62C840D7}.Debug|x64.Build.0 = Debug|Any CPU
		{2073F7FD-2AAD-4B4F-A437-A05D62C840D7}.Debug|x86.ActiveCfg = Debug|Any CPU
		{2073F7FD-2AAD-4B4F-A437-A05D62C840D7}.Debug|x86.Build.0 = Debug|Any CPU
		{2073F7FD-2AAD-4B4F-A437-A05D62C840D7}.Release|Any CPU.ActiveCfg = Release|Any CPU
		{2073F7FD-2AAD-4B4F-A437-A05D62C840D7}.Release|Any CPU.Build.0 = Release|Any CPU
		{2073F7FD-2AAD-4B4F-A437-A05D62C840D7}.Release|x64.ActiveCfg = Release|Any CPU
		{2073F7FD-2AAD-4B4F-A437-A05D62C840D7}.Release|x64.Build.0 = Release|Any CPU
		{2073F7FD-2AAD-4B4F-A437-A05D62C840D7}.Release|x86.ActiveCfg = Release|Any CPU
		{2073F7FD-2AAD-4B4F-A437-A05D62C840D7}.Release|x86.Build.0 = Release|Any CPU
		{7956AC5E-291B-43F2-8BD9-19DC4B5649C6}.Debug|Any CPU.ActiveCfg = Debug|Any CPU
		{7956AC5E-291B-43F2-8BD9-19DC4B5649C6}.Debug|Any CPU.Build.0 = Debug|Any CPU
		{7956AC5E-291B-43F2-8BD9-19DC4B5649C6}.Debug|x64.ActiveCfg = Debug|Any CPU
		{7956AC5E-291B-43F2-8BD9-19DC4B5649C6}.Debug|x64.Build.0 = Debug|Any CPU
		{7956AC5E-291B-43F2-8BD9-19DC4B5649C6}.Debug|x86.ActiveCfg = Debug|Any CPU
		{7956AC5E-291B-43F2-8BD9-19DC4B5649C6}.Debug|x86.Build.0 = Debug|Any CPU
		{7956AC5E-291B-43F2-8BD9-19DC4B5649C6}.Release|Any CPU.ActiveCfg = Release|Any CPU
		{7956AC5E-291B-43F2-8BD9-19DC4B5649C6}.Release|Any CPU.Build.0 = Release|Any CPU
		{7956AC5E-291B-43F2-8BD9-19DC4B5649C6}.Release|x64.ActiveCfg = Release|Any CPU
		{7956AC5E-291B-43F2-8BD9-19DC4B5649C6}.Release|x64.Build.0 = Release|Any CPU
		{7956AC5E-291B-43F2-8BD9-19DC4B5649C6}.Release|x86.ActiveCfg = Release|Any CPU
		{7956AC5E-291B-43F2-8BD9-19DC4B5649C6}.Release|x86.Build.0 = Release|Any CPU
		{01D01AD3-FC80-4F5F-99C3-AACFFA154B3C}.Debug|Any CPU.ActiveCfg = Debug|Any CPU
		{01D01AD3-FC80-4F5F-99C3-AACFFA154B3C}.Debug|Any CPU.Build.0 = Debug|Any CPU
		{01D01AD3-FC80-4F5F-99C3-AACFFA154B3C}.Debug|x64.ActiveCfg = Debug|Any CPU
		{01D01AD3-FC80-4F5F-99C3-AACFFA154B3C}.Debug|x64.Build.0 = Debug|Any CPU
		{01D01AD3-FC80-4F5F-99C3-AACFFA154B3C}.Debug|x86.ActiveCfg = Debug|Any CPU
		{01D01AD3-FC80-4F5F-99C3-AACFFA154B3C}.Debug|x86.Build.0 = Debug|Any CPU
		{01D01AD3-FC80-4F5F-99C3-AACFFA154B3C}.Release|Any CPU.ActiveCfg = Release|Any CPU
		{01D01AD3-FC80-4F5F-99C3-AACFFA154B3C}.Release|Any CPU.Build.0 = Release|Any CPU
		{01D01AD3-FC80-4F5F-99C3-AACFFA154B3C}.Release|x64.ActiveCfg = Release|Any CPU
		{01D01AD3-FC80-4F5F-99C3-AACFFA154B3C}.Release|x64.Build.0 = Release|Any CPU
		{01D01AD3-FC80-4F5F-99C3-AACFFA154B3C}.Release|x86.ActiveCfg = Release|Any CPU
		{01D01AD3-FC80-4F5F-99C3-AACFFA154B3C}.Release|x86.Build.0 = Release|Any CPU
	EndGlobalSection
	GlobalSection(SolutionProperties) = preSolution
		HideSolutionNode = FALSE
	EndGlobalSection
	GlobalSection(NestedProjects) = preSolution
		{2BB0F0DD-F940-4D65-8076-DF0990EF383C} = {871BE218-8F83-E3CD-0B70-B1CC1745EA7C}
		{390049E5-6C91-4D07-9AE4-C7347BC63F2B} = {871BE218-8F83-E3CD-0B70-B1CC1745EA7C}
		{5DAAA5A2-03AD-4197-87BF-33E70D80B88C} = {871BE218-8F83-E3CD-0B70-B1CC1745EA7C}
		{676D0979-40FD-0699-BCE1-E26B1C7B6859} = {0AB3BF05-4346-4AA6-1389-037BE0695223}
		{DC83E7A5-8BE1-49D5-ADD2-4AFF054CA8C5} = {676D0979-40FD-0699-BCE1-E26B1C7B6859}
		{898BB531-1A18-47F6-B782-1291E7BF1378} = {676D0979-40FD-0699-BCE1-E26B1C7B6859}
		{2BED7C92-709E-4958-A5CF-F6DA622F82F1} = {4F52FD11-658E-A102-6CD3-7D7C16FFA15B}
		{A0E7AEE4-6768-4635-A87C-B08DCBBC1209} = {4F52FD11-658E-A102-6CD3-7D7C16FFA15B}
		{A0ADFF91-A478-4B65-B2CA-55E4479D18AD} = {4F52FD11-658E-A102-6CD3-7D7C16FFA15B}
		{5ECDB125-7848-4A41-BE68-D0560258B595} = {17B266EF-447A-CB02-72F8-938580D877A7}
		{56728870-7872-45F4-ADB2-BFCC4835964D} = {17B266EF-447A-CB02-72F8-938580D877A7}
		{9F0D3199-CCBC-43CF-A7E5-04BC6B61BC1D} = {17B266EF-447A-CB02-72F8-938580D877A7}
		{2092E664-A8B8-4E17-9100-F600C0DC748C} = {FE26525A-4D12-831A-3973-6CA74156960F}
		{8F2FAA8B-2940-49BC-8A09-35726BED4395} = {FE26525A-4D12-831A-3973-6CA74156960F}
		{38866165-6F80-44A2-9DED-B1C0875D06DF} = {FE26525A-4D12-831A-3973-6CA74156960F}
		{AC4A0FFA-F10F-4246-BBE7-4B3A8557FD5C} = {7A65B3AE-4573-0938-39C0-5F08AC36502D}
		{B7B5E28C-99BD-4A79-A1A0-48498E48F2FD} = {7A65B3AE-4573-0938-39C0-5F08AC36502D}
		{C937B9D9-4839-465F-97AF-998F02B53AFD} = {7A65B3AE-4573-0938-39C0-5F08AC36502D}
		{875CD587-DE2F-08EE-74FB-D6BE4E474EF3} = {0AB3BF05-4346-4AA6-1389-037BE0695223}
		{7D89D50A-92C8-4BCC-B0F8-E28B80F27743} = {875CD587-DE2F-08EE-74FB-D6BE4E474EF3}
		{7D8832CF-06AF-CF9F-159A-6989E24D2996} = {0AB3BF05-4346-4AA6-1389-037BE0695223}
		{617CE448-0791-48FF-A102-56A223FEC6FE} = {7D8832CF-06AF-CF9F-159A-6989E24D2996}
		{51B5EDA5-A39B-A1B2-45D2-ED995464DF85} = {827E0CD3-B72D-47B6-A68D-7590B98EB39B}
		{C8E42992-5E42-0C2B-DBFE-AA848D06431C} = {827E0CD3-B72D-47B6-A68D-7590B98EB39B}
		{BC1CF367-17BA-44BA-A41C-E885CE485268} = {7D8832CF-06AF-CF9F-159A-6989E24D2996}
		{A7FF12E6-11BF-4863-A38A-9875A668F41D} = {7D8832CF-06AF-CF9F-159A-6989E24D2996}
		{3F3D9BF0-F713-4FF2-BF2A-3D4D174276F9} = {51B5EDA5-A39B-A1B2-45D2-ED995464DF85}
		{B33442F3-4E31-495A-8236-B3FFE86C8BAF} = {7D8832CF-06AF-CF9F-159A-6989E24D2996}
		{D0D6B8B0-AC35-B3FA-0B96-A9B0E4A3253E} = {0AB3BF05-4346-4AA6-1389-037BE0695223}
		{758DF209-B94A-44CC-AB46-17ABCDF1E4BE} = {D0D6B8B0-AC35-B3FA-0B96-A9B0E4A3253E}
		{FD1DD0D1-D634-4FFD-91F1-8B032B3358FD} = {4F52FD11-658E-A102-6CD3-7D7C16FFA15B}
		{BA4F7DBB-1FC8-D5E2-4655-FC3353BF1691} = {0AB3BF05-4346-4AA6-1389-037BE0695223}
		{3DB3F321-1188-4D77-860D-97B6AF6676A9} = {BA4F7DBB-1FC8-D5E2-4655-FC3353BF1691}
		{E6C9F8ED-AC2B-4E98-80D5-AE52E334677F} = {BA4F7DBB-1FC8-D5E2-4655-FC3353BF1691}
		{6C9BE6E2-630F-D613-6D5A-F00E0CF53D0D} = {0AB3BF05-4346-4AA6-1389-037BE0695223}
		{2073F7FD-2AAD-4B4F-A437-A05D62C840D7} = {6C9BE6E2-630F-D613-6D5A-F00E0CF53D0D}
		{7956AC5E-291B-43F2-8BD9-19DC4B5649C6} = {4F52FD11-658E-A102-6CD3-7D7C16FFA15B}
		{01D01AD3-FC80-4F5F-99C3-AACFFA154B3C} = {0AB3BF05-4346-4AA6-1389-037BE0695223}
	EndGlobalSection
EndGlobal
